
Microsoft Visual Studio Solution File, Format Version 12.00
# Visual Studio Version 16
VisualStudioVersion = 16.0.31911.196
MinimumVisualStudioVersion = 10.0.40219.1
Project("{FAE04EC0-301F-11D3-BF4B-00C04F79EFBC}") = "Presentacion", "SolucionReto1\Presentacion.csproj", "{58884E88-4A6E-4A5F-8446-EC871403143B}"
EndProject
Project("{FAE04EC0-301F-11D3-BF4B-00C04F79EFBC}") = "CapaDatos", "ClassLibrary2\CapaDatos.csproj", "{EA90D679-4E17-448F-9816-4CA27A366CCB}"
EndProject
Project("{FAE04EC0-301F-11D3-BF4B-00C04F79EFBC}") = "Negocios", "Negocios\Negocios.csproj", "{4DC09379-FFA1-419F-A134-781DC053443F}"
EndProject
Global
	GlobalSection(SolutionConfigurationPlatforms) = preSolution
		Debug|Any CPU = Debug|Any CPU
		Release|Any CPU = Release|Any CPU
	EndGlobalSection
	GlobalSection(ProjectConfigurationPlatforms) = postSolution
		{58884E88-4A6E-4A5F-8446-EC871403143B}.Debug|Any CPU.ActiveCfg = Debug|Any CPU
		{58884E88-4A6E-4A5F-8446-EC871403143B}.Debug|Any CPU.Build.0 = Debug|Any CPU
		{58884E88-4A6E-4A5F-8446-EC871403143B}.Release|Any CPU.ActiveCfg = Release|Any CPU
		{58884E88-4A6E-4A5F-8446-EC871403143B}.Release|Any CPU.Build.0 = Release|Any CPU
		{EA90D679-4E17-448F-9816-4CA27A366CCB}.Debug|Any CPU.ActiveCfg = Debug|Any CPU
		{EA90D679-4E17-448F-9816-4CA27A366CCB}.Debug|Any CPU.Build.0 = Debug|Any CPU
		{EA90D679-4E17-448F-9816-4CA27A366CCB}.Release|Any CPU.ActiveCfg = Release|Any CPU
		{EA90D679-4E17-448F-9816-4CA27A366CCB}.Release|Any CPU.Build.0 = Release|Any CPU
		{4DC09379-FFA1-419F-A134-781DC053443F}.Debug|Any CPU.ActiveCfg = Debug|Any CPU
		{4DC09379-FFA1-419F-A134-781DC053443F}.Debug|Any CPU.Build.0 = Debug|Any CPU
		{4DC09379-FFA1-419F-A134-781DC053443F}.Release|Any CPU.ActiveCfg = Release|Any CPU
		{4DC09379-FFA1-419F-A134-781DC053443F}.Release|Any CPU.Build.0 = Release|Any CPU
	EndGlobalSection
	GlobalSection(SolutionProperties) = preSolution
		HideSolutionNode = FALSE
	EndGlobalSection
	GlobalSection(ExtensibilityGlobals) = postSolution
		SolutionGuid = {2820C7BA-3F7E-409A-A893-74CB29B246F8}
	EndGlobalSection
EndGlobal
